
Microsoft Visual Studio Solution File, Format Version 12.00
# Visual Studio 14
VisualStudioVersion = 14.0.24720.0
MinimumVisualStudioVersion = 10.0.40219.1
Project("{FAE04EC0-301F-11D3-BF4B-00C04F79EFBC}") = "SharpCluster", "SharpCluster.csproj", "{D2DE5CE3-A96F-4604-B36D-3A1CC7DB3FA1}"
EndProject
Project("{FAE04EC0-301F-11D3-BF4B-00C04F79EFBC}") = "SharpClusterTest", "..\SharpClusterTest\SharpClusterTest.csproj", "{9C829040-2462-49C0-935A-177D3D98048B}"
EndProject
Global
	GlobalSection(SolutionConfigurationPlatforms) = preSolution
		Debug|Any CPU = Debug|Any CPU
		Release|Any CPU = Release|Any CPU
	EndGlobalSection
	GlobalSection(ProjectConfigurationPlatforms) = postSolution
		{D2DE5CE3-A96F-4604-B36D-3A1CC7DB3FA1}.Debug|Any CPU.ActiveCfg = Debug|Any CPU
		{D2DE5CE3-A96F-4604-B36D-3A1CC7DB3FA1}.Debug|Any CPU.Build.0 = Debug|Any CPU
		{D2DE5CE3-A96F-4604-B36D-3A1CC7DB3FA1}.Release|Any CPU.ActiveCfg = Release|Any CPU
		{D2DE5CE3-A96F-4604-B36D-3A1CC7DB3FA1}.Release|Any CPU.Build.0 = Release|Any CPU
		{9C829040-2462-49C0-935A-177D3D98048B}.Debug|Any CPU.ActiveCfg = Debug|Any CPU
		{9C829040-2462-49C0-935A-177D3D98048B}.Debug|Any CPU.Build.0 = Debug|Any CPU
		{9C829040-2462-49C0-935A-177D3D98048B}.Release|Any CPU.ActiveCfg = Release|Any CPU
		{9C829040-2462-49C0-935A-177D3D98048B}.Release|Any CPU.Build.0 = Release|Any CPU
	EndGlobalSection
	GlobalSection(SolutionProperties) = preSolution
		HideSolutionNode = FALSE
	EndGlobalSection
EndGlobal
